
Microsoft Visual Studio Solution File, Format Version 12.00
# Visual Studio Version 16
VisualStudioVersion = 16.0.30204.135
MinimumVisualStudioVersion = 10.0.40219.1
Project("{FAE04EC0-301F-11D3-BF4B-00C04F79EFBC}") = "PracaZaliczeniowa", "PracaZaliczeniowa\PracaZaliczeniowa.csproj", "{ACE18F3B-1D90-4D26-A7E6-CF5301996BD5}"
EndProject
Global
	GlobalSection(SolutionConfigurationPlatforms) = preSolution
		Debug|Any CPU = Debug|Any CPU
		Release|Any CPU = Release|Any CPU
	EndGlobalSection
	GlobalSection(ProjectConfigurationPlatforms) = postSolution
		{ACE18F3B-1D90-4D26-A7E6-CF5301996BD5}.Debug|Any CPU.ActiveCfg = Debug|Any CPU
		{ACE18F3B-1D90-4D26-A7E6-CF5301996BD5}.Debug|Any CPU.Build.0 = Debug|Any CPU
		{ACE18F3B-1D90-4D26-A7E6-CF5301996BD5}.Release|Any CPU.ActiveCfg = Release|Any CPU
		{ACE18F3B-1D90-4D26-A7E6-CF5301996BD5}.Release|Any CPU.Build.0 = Release|Any CPU
	EndGlobalSection
	GlobalSection(SolutionProperties) = preSolution
		HideSolutionNode = FALSE
	EndGlobalSection
	GlobalSection(ExtensibilityGlobals) = postSolution
		SolutionGuid = {52DACF2C-71B3-4BE1-AC2A-54D90B71A9EB}
	EndGlobalSection
EndGlobal
